
Microsoft Visual Studio Solution File, Format Version 12.00
# Visual Studio 2013
VisualStudioVersion = 12.0.31101.0
MinimumVisualStudioVersion = 10.0.40219.1
Project("{FAE04EC0-301F-11D3-BF4B-00C04F79EFBC}") = "AngularJSAuthRefreshToken.Web.AspNetIdentity", "AngularJSAuthRefreshToken.Web.AspNetIdentity\AngularJSAuthRefreshToken.Web.AspNetIdentity.csproj", "{80F06F38-6A9F-4E92-8580-CBE6B154FEF4}"
EndProject
Project("{FAE04EC0-301F-11D3-BF4B-00C04F79EFBC}") = "LL.Repository", "LL.Repository\LL.Repository.csproj", "{0D337F3F-F445-40E2-964B-5E0BE6D54823}"
EndProject
Project("{2150E333-8FDC-42A3-9474-1A3956D46DE8}") = ".nuget", ".nuget", "{C2386C03-E98E-43F8-B959-0F5CCDF8EF23}"
	ProjectSection(SolutionItems) = preProject
		.nuget\NuGet.Config = .nuget\NuGet.Config
		.nuget\NuGet.exe = .nuget\NuGet.exe
		.nuget\NuGet.targets = .nuget\NuGet.targets
	EndProjectSection
EndProject
Project("{FAE04EC0-301F-11D3-BF4B-00C04F79EFBC}") = "LL.MSSQL.Extensions", "LL.MSSQL.Extensions\LL.MSSQL.Extensions.csproj", "{1FCD911C-7FD0-4B7D-83DD-4997B1520ACF}"
EndProject
Project("{FAE04EC0-301F-11D3-BF4B-00C04F79EFBC}") = "AngularJSAuthRefreshToken.Console", "AngularJSAuthRefreshToken.Console\AngularJSAuthRefreshToken.Console.csproj", "{65088149-7B70-41DB-9BB4-A9FD8C4AB7DC}"
EndProject
Project("{FAE04EC0-301F-11D3-BF4B-00C04F79EFBC}") = "AngularJSAuthRefreshToken.Web", "AngularJSAuthRefreshToken.Web\AngularJSAuthRefreshToken.Web.csproj", "{85B280A7-E62F-407C-A532-3EE1098EBD0A}"
EndProject
Project("{FAE04EC0-301F-11D3-BF4B-00C04F79EFBC}") = "AngularJSAuthRefreshToken.Repository", "AngularJSAuthRefreshToken.Repository\AngularJSAuthRefreshToken.Repository.csproj", "{8D47FBD3-F2F5-43E6-B009-C8A330900129}"
EndProject
Project("{FAE04EC0-301F-11D3-BF4B-00C04F79EFBC}") = "AngularJSAuthRefreshToken.Data", "AngularJSAuthRefreshToken.Data\AngularJSAuthRefreshToken.Data.csproj", "{591DEE4C-BB52-4C60-97F7-08926C2C811D}"
EndProject
Project("{FAE04EC0-301F-11D3-BF4B-00C04F79EFBC}") = "AngularJSAuthRefreshToken.Test", "AngularJSAuthRefreshToken.Test\AngularJSAuthRefreshToken.Test.csproj", "{29F3FA58-7350-41CD-9B6E-B239EC01A847}"
EndProject
Global
	GlobalSection(SolutionConfigurationPlatforms) = preSolution
		Debug|Android = Debug|Android
		Debug|Any CPU = Debug|Any CPU
		Debug|iOS = Debug|iOS
		Debug|Mixed Platforms = Debug|Mixed Platforms
		Debug|Windows Phone (Universal) = Debug|Windows Phone (Universal)
		Debug|Windows Phone 8 = Debug|Windows Phone 8
		Debug|Windows-AnyCPU = Debug|Windows-AnyCPU
		Debug|Windows-ARM = Debug|Windows-ARM
		Debug|Windows-x64 = Debug|Windows-x64
		Debug|Windows-x86 = Debug|Windows-x86
		Distribution|Android = Distribution|Android
		Distribution|Any CPU = Distribution|Any CPU
		Distribution|iOS = Distribution|iOS
		Distribution|Mixed Platforms = Distribution|Mixed Platforms
		Distribution|Windows Phone (Universal) = Distribution|Windows Phone (Universal)
		Distribution|Windows Phone 8 = Distribution|Windows Phone 8
		Distribution|Windows-AnyCPU = Distribution|Windows-AnyCPU
		Distribution|Windows-ARM = Distribution|Windows-ARM
		Distribution|Windows-x64 = Distribution|Windows-x64
		Distribution|Windows-x86 = Distribution|Windows-x86
		Release|Android = Release|Android
		Release|Any CPU = Release|Any CPU
		Release|iOS = Release|iOS
		Release|Mixed Platforms = Release|Mixed Platforms
		Release|Windows Phone (Universal) = Release|Windows Phone (Universal)
		Release|Windows Phone 8 = Release|Windows Phone 8
		Release|Windows-AnyCPU = Release|Windows-AnyCPU
		Release|Windows-ARM = Release|Windows-ARM
		Release|Windows-x64 = Release|Windows-x64
		Release|Windows-x86 = Release|Windows-x86
	EndGlobalSection
	GlobalSection(ProjectConfigurationPlatforms) = postSolution
		{80F06F38-6A9F-4E92-8580-CBE6B154FEF4}.Debug|Android.ActiveCfg = Debug|Any CPU
		{80F06F38-6A9F-4E92-8580-CBE6B154FEF4}.Debug|Any CPU.ActiveCfg = Debug|Any CPU
		{80F06F38-6A9F-4E92-8580-CBE6B154FEF4}.Debug|Any CPU.Build.0 = Debug|Any CPU
		{80F06F38-6A9F-4E92-8580-CBE6B154FEF4}.Debug|iOS.ActiveCfg = Debug|Any CPU
		{80F06F38-6A9F-4E92-8580-CBE6B154FEF4}.Debug|Mixed Platforms.ActiveCfg = Debug|Any CPU
		{80F06F38-6A9F-4E92-8580-CBE6B154FEF4}.Debug|Mixed Platforms.Build.0 = Debug|Any CPU
		{80F06F38-6A9F-4E92-8580-CBE6B154FEF4}.Debug|Windows Phone (Universal).ActiveCfg = Debug|Any CPU
		{80F06F38-6A9F-4E92-8580-CBE6B154FEF4}.Debug|Windows Phone 8.ActiveCfg = Debug|Any CPU
		{80F06F38-6A9F-4E92-8580-CBE6B154FEF4}.Debug|Windows-AnyCPU.ActiveCfg = Debug|Any CPU
		{80F06F38-6A9F-4E92-8580-CBE6B154FEF4}.Debug|Windows-ARM.ActiveCfg = Debug|Any CPU
		{80F06F38-6A9F-4E92-8580-CBE6B154FEF4}.Debug|Windows-x64.ActiveCfg = Debug|Any CPU
		{80F06F38-6A9F-4E92-8580-CBE6B154FEF4}.Debug|Windows-x86.ActiveCfg = Debug|Any CPU
		{80F06F38-6A9F-4E92-8580-CBE6B154FEF4}.Distribution|Android.ActiveCfg = Debug|Any CPU
		{80F06F38-6A9F-4E92-8580-CBE6B154FEF4}.Distribution|Any CPU.ActiveCfg = Debug|Any CPU
		{80F06F38-6A9F-4E92-8580-CBE6B154FEF4}.Distribution|Any CPU.Build.0 = Debug|Any CPU
		{80F06F38-6A9F-4E92-8580-CBE6B154FEF4}.Distribution|iOS.ActiveCfg = Debug|Any CPU
		{80F06F38-6A9F-4E92-8580-CBE6B154FEF4}.Distribution|Mixed Platforms.ActiveCfg = Debug|Any CPU
		{80F06F38-6A9F-4E92-8580-CBE6B154FEF4}.Distribution|Mixed Platforms.Build.0 = Debug|Any CPU
		{80F06F38-6A9F-4E92-8580-CBE6B154FEF4}.Distribution|Windows Phone (Universal).ActiveCfg = Debug|Any CPU
		{80F06F38-6A9F-4E92-8580-CBE6B154FEF4}.Distribution|Windows Phone 8.ActiveCfg = Debug|Any CPU
		{80F06F38-6A9F-4E92-8580-CBE6B154FEF4}.Distribution|Windows-AnyCPU.ActiveCfg = Debug|Any CPU
		{80F06F38-6A9F-4E92-8580-CBE6B154FEF4}.Distribution|Windows-ARM.ActiveCfg = Debug|Any CPU
		{80F06F38-6A9F-4E92-8580-CBE6B154FEF4}.Distribution|Windows-x64.ActiveCfg = Debug|Any CPU
		{80F06F38-6A9F-4E92-8580-CBE6B154FEF4}.Distribution|Windows-x86.ActiveCfg = Debug|Any CPU
		{80F06F38-6A9F-4E92-8580-CBE6B154FEF4}.Release|Android.ActiveCfg = Release|Any CPU
		{80F06F38-6A9F-4E92-8580-CBE6B154FEF4}.Release|Any CPU.ActiveCfg = Release|Any CPU
		{80F06F38-6A9F-4E92-8580-CBE6B154FEF4}.Release|Any CPU.Build.0 = Release|Any CPU
		{80F06F38-6A9F-4E92-8580-CBE6B154FEF4}.Release|iOS.ActiveCfg = Release|Any CPU
		{80F06F38-6A9F-4E92-8580-CBE6B154FEF4}.Release|Mixed Platforms.ActiveCfg = Release|Any CPU
		{80F06F38-6A9F-4E92-8580-CBE6B154FEF4}.Release|Mixed Platforms.Build.0 = Release|Any CPU
		{80F06F38-6A9F-4E92-8580-CBE6B154FEF4}.Release|Windows Phone (Universal).ActiveCfg = Release|Any CPU
		{80F06F38-6A9F-4E92-8580-CBE6B154FEF4}.Release|Windows Phone 8.ActiveCfg = Release|Any CPU
		{80F06F38-6A9F-4E92-8580-CBE6B154FEF4}.Release|Windows-AnyCPU.ActiveCfg = Release|Any CPU
		{80F06F38-6A9F-4E92-8580-CBE6B154FEF4}.Release|Windows-ARM.ActiveCfg = Release|Any CPU
		{80F06F38-6A9F-4E92-8580-CBE6B154FEF4}.Release|Windows-x64.ActiveCfg = Release|Any CPU
		{80F06F38-6A9F-4E92-8580-CBE6B154FEF4}.Release|Windows-x86.ActiveCfg = Release|Any CPU
		{0D337F3F-F445-40E2-964B-5E0BE6D54823}.Debug|Android.ActiveCfg = Debug|Any CPU
		{0D337F3F-F445-40E2-964B-5E0BE6D54823}.Debug|Any CPU.ActiveCfg = Debug|Any CPU
		{0D337F3F-F445-40E2-964B-5E0BE6D54823}.Debug|Any CPU.Build.0 = Debug|Any CPU
		{0D337F3F-F445-40E2-964B-5E0BE6D54823}.Debug|iOS.ActiveCfg = Debug|Any CPU
		{0D337F3F-F445-40E2-964B-5E0BE6D54823}.Debug|Mixed Platforms.ActiveCfg = Debug|Any CPU
		{0D337F3F-F445-40E2-964B-5E0BE6D54823}.Debug|Mixed Platforms.Build.0 = Debug|Any CPU
		{0D337F3F-F445-40E2-964B-5E0BE6D54823}.Debug|Windows Phone (Universal).ActiveCfg = Debug|Any CPU
		{0D337F3F-F445-40E2-964B-5E0BE6D54823}.Debug|Windows Phone 8.ActiveCfg = Debug|Any CPU
		{0D337F3F-F445-40E2-964B-5E0BE6D54823}.Debug|Windows-AnyCPU.ActiveCfg = Debug|Any CPU
		{0D337F3F-F445-40E2-964B-5E0BE6D54823}.Debug|Windows-ARM.ActiveCfg = Debug|Any CPU
		{0D337F3F-F445-40E2-964B-5E0BE6D54823}.Debug|Windows-x64.ActiveCfg = Debug|Any CPU
		{0D337F3F-F445-40E2-964B-5E0BE6D54823}.Debug|Windows-x86.ActiveCfg = Debug|Any CPU
		{0D337F3F-F445-40E2-964B-5E0BE6D54823}.Distribution|Android.ActiveCfg = Debug|Any CPU
		{0D337F3F-F445-40E2-964B-5E0BE6D54823}.Distribution|Any CPU.ActiveCfg = Debug|Any CPU
		{0D337F3F-F445-40E2-964B-5E0BE6D54823}.Distribution|Any CPU.Build.0 = Debug|Any CPU
		{0D337F3F-F445-40E2-964B-5E0BE6D54823}.Distribution|iOS.ActiveCfg = Debug|Any CPU
		{0D337F3F-F445-40E2-964B-5E0BE6D54823}.Distribution|Mixed Platforms.ActiveCfg = Debug|Any CPU
		{0D337F3F-F445-40E2-964B-5E0BE6D54823}.Distribution|Mixed Platforms.Build.0 = Debug|Any CPU
		{0D337F3F-F445-40E2-964B-5E0BE6D54823}.Distribution|Windows Phone (Universal).ActiveCfg = Debug|Any CPU
		{0D337F3F-F445-40E2-964B-5E0BE6D54823}.Distribution|Windows Phone 8.ActiveCfg = Debug|Any CPU
		{0D337F3F-F445-40E2-964B-5E0BE6D54823}.Distribution|Windows-AnyCPU.ActiveCfg = Debug|Any CPU
		{0D337F3F-F445-40E2-964B-5E0BE6D54823}.Distribution|Windows-ARM.ActiveCfg = Debug|Any CPU
		{0D337F3F-F445-40E2-964B-5E0BE6D54823}.Distribution|Windows-x64.ActiveCfg = Debug|Any CPU
		{0D337F3F-F445-40E2-964B-5E0BE6D54823}.Distribution|Windows-x86.ActiveCfg = Debug|Any CPU
		{0D337F3F-F445-40E2-964B-5E0BE6D54823}.Release|Android.ActiveCfg = Release|Any CPU
		{0D337F3F-F445-40E2-964B-5E0BE6D54823}.Release|Any CPU.ActiveCfg = Release|Any CPU
		{0D337F3F-F445-40E2-964B-5E0BE6D54823}.Release|Any CPU.Build.0 = Release|Any CPU
		{0D337F3F-F445-40E2-964B-5E0BE6D54823}.Release|iOS.ActiveCfg = Release|Any CPU
		{0D337F3F-F445-40E2-964B-5E0BE6D54823}.Release|Mixed Platforms.ActiveCfg = Release|Any CPU
		{0D337F3F-F445-40E2-964B-5E0BE6D54823}.Release|Mixed Platforms.Build.0 = Release|Any CPU
		{0D337F3F-F445-40E2-964B-5E0BE6D54823}.Release|Windows Phone (Universal).ActiveCfg = Release|Any CPU
		{0D337F3F-F445-40E2-964B-5E0BE6D54823}.Release|Windows Phone 8.ActiveCfg = Release|Any CPU
		{0D337F3F-F445-40E2-964B-5E0BE6D54823}.Release|Windows-AnyCPU.ActiveCfg = Release|Any CPU
		{0D337F3F-F445-40E2-964B-5E0BE6D54823}.Release|Windows-ARM.ActiveCfg = Release|Any CPU
		{0D337F3F-F445-40E2-964B-5E0BE6D54823}.Release|Windows-x64.ActiveCfg = Release|Any CPU
		{0D337F3F-F445-40E2-964B-5E0BE6D54823}.Release|Windows-x86.ActiveCfg = Release|Any CPU
		{1FCD911C-7FD0-4B7D-83DD-4997B1520ACF}.Debug|Android.ActiveCfg = Debug|Any CPU
		{1FCD911C-7FD0-4B7D-83DD-4997B1520ACF}.Debug|Any CPU.ActiveCfg = Debug|Any CPU
		{1FCD911C-7FD0-4B7D-83DD-4997B1520ACF}.Debug|Any CPU.Build.0 = Debug|Any CPU
		{1FCD911C-7FD0-4B7D-83DD-4997B1520ACF}.Debug|iOS.ActiveCfg = Debug|Any CPU
		{1FCD911C-7FD0-4B7D-83DD-4997B1520ACF}.Debug|Mixed Platforms.ActiveCfg = Debug|Any CPU
		{1FCD911C-7FD0-4B7D-83DD-4997B1520ACF}.Debug|Mixed Platforms.Build.0 = Debug|Any CPU
		{1FCD911C-7FD0-4B7D-83DD-4997B1520ACF}.Debug|Windows Phone (Universal).ActiveCfg = Debug|Any CPU
		{1FCD911C-7FD0-4B7D-83DD-4997B1520ACF}.Debug|Windows Phone 8.ActiveCfg = Debug|Any CPU
		{1FCD911C-7FD0-4B7D-83DD-4997B1520ACF}.Debug|Windows-AnyCPU.ActiveCfg = Debug|Any CPU
		{1FCD911C-7FD0-4B7D-83DD-4997B1520ACF}.Debug|Windows-ARM.ActiveCfg = Debug|Any CPU
		{1FCD911C-7FD0-4B7D-83DD-4997B1520ACF}.Debug|Windows-x64.ActiveCfg = Debug|Any CPU
		{1FCD911C-7FD0-4B7D-83DD-4997B1520ACF}.Debug|Windows-x86.ActiveCfg = Debug|Any CPU
		{1FCD911C-7FD0-4B7D-83DD-4997B1520ACF}.Distribution|Android.ActiveCfg = Debug|Any CPU
		{1FCD911C-7FD0-4B7D-83DD-4997B1520ACF}.Distribution|Any CPU.ActiveCfg = Debug|Any CPU
		{1FCD911C-7FD0-4B7D-83DD-4997B1520ACF}.Distribution|Any CPU.Build.0 = Debug|Any CPU
		{1FCD911C-7FD0-4B7D-83DD-4997B1520ACF}.Distribution|iOS.ActiveCfg = Debug|Any CPU
		{1FCD911C-7FD0-4B7D-83DD-4997B1520ACF}.Distribution|Mixed Platforms.ActiveCfg = Debug|Any CPU
		{1FCD911C-7FD0-4B7D-83DD-4997B1520ACF}.Distribution|Mixed Platforms.Build.0 = Debug|Any CPU
		{1FCD911C-7FD0-4B7D-83DD-4997B1520ACF}.Distribution|Windows Phone (Universal).ActiveCfg = Debug|Any CPU
		{1FCD911C-7FD0-4B7D-83DD-4997B1520ACF}.Distribution|Windows Phone 8.ActiveCfg = Debug|Any CPU
		{1FCD911C-7FD0-4B7D-83DD-4997B1520ACF}.Distribution|Windows-AnyCPU.ActiveCfg = Debug|Any CPU
		{1FCD911C-7FD0-4B7D-83DD-4997B1520ACF}.Distribution|Windows-ARM.ActiveCfg = Debug|Any CPU
		{1FCD911C-7FD0-4B7D-83DD-4997B1520ACF}.Distribution|Windows-x64.ActiveCfg = Debug|Any CPU
		{1FCD911C-7FD0-4B7D-83DD-4997B1520ACF}.Distribution|Windows-x86.ActiveCfg = Debug|Any CPU
		{1FCD911C-7FD0-4B7D-83DD-4997B1520ACF}.Release|Android.ActiveCfg = Release|Any CPU
		{1FCD911C-7FD0-4B7D-83DD-4997B1520ACF}.Release|Any CPU.ActiveCfg = Release|Any CPU
		{1FCD911C-7FD0-4B7D-83DD-4997B1520ACF}.Release|Any CPU.Build.0 = Release|Any CPU
		{1FCD911C-7FD0-4B7D-83DD-4997B1520ACF}.Release|iOS.ActiveCfg = Release|Any CPU
		{1FCD911C-7FD0-4B7D-83DD-4997B1520ACF}.Release|Mixed Platforms.ActiveCfg = Release|Any CPU
		{1FCD911C-7FD0-4B7D-83DD-4997B1520ACF}.Release|Mixed Platforms.Build.0 = Release|Any CPU
		{1FCD911C-7FD0-4B7D-83DD-4997B1520ACF}.Release|Windows Phone (Universal).ActiveCfg = Release|Any CPU
		{1FCD911C-7FD0-4B7D-83DD-4997B1520ACF}.Release|Windows Phone 8.ActiveCfg = Release|Any CPU
		{1FCD911C-7FD0-4B7D-83DD-4997B1520ACF}.Release|Windows-AnyCPU.ActiveCfg = Release|Any CPU
		{1FCD911C-7FD0-4B7D-83DD-4997B1520ACF}.Release|Windows-ARM.ActiveCfg = Release|Any CPU
		{1FCD911C-7FD0-4B7D-83DD-4997B1520ACF}.Release|Windows-x64.ActiveCfg = Release|Any CPU
		{1FCD911C-7FD0-4B7D-83DD-4997B1520ACF}.Release|Windows-x86.ActiveCfg = Release|Any CPU
		{65088149-7B70-41DB-9BB4-A9FD8C4AB7DC}.Debug|Android.ActiveCfg = Debug|Any CPU
		{65088149-7B70-41DB-9BB4-A9FD8C4AB7DC}.Debug|Any CPU.ActiveCfg = Debug|Any CPU
		{65088149-7B70-41DB-9BB4-A9FD8C4AB7DC}.Debug|Any CPU.Build.0 = Debug|Any CPU
		{65088149-7B70-41DB-9BB4-A9FD8C4AB7DC}.Debug|iOS.ActiveCfg = Debug|Any CPU
		{65088149-7B70-41DB-9BB4-A9FD8C4AB7DC}.Debug|Mixed Platforms.ActiveCfg = Debug|Any CPU
		{65088149-7B70-41DB-9BB4-A9FD8C4AB7DC}.Debug|Mixed Platforms.Build.0 = Debug|Any CPU
		{65088149-7B70-41DB-9BB4-A9FD8C4AB7DC}.Debug|Windows Phone (Universal).ActiveCfg = Debug|Any CPU
		{65088149-7B70-41DB-9BB4-A9FD8C4AB7DC}.Debug|Windows Phone 8.ActiveCfg = Debug|Any CPU
		{65088149-7B70-41DB-9BB4-A9FD8C4AB7DC}.Debug|Windows-AnyCPU.ActiveCfg = Debug|Any CPU
		{65088149-7B70-41DB-9BB4-A9FD8C4AB7DC}.Debug|Windows-ARM.ActiveCfg = Debug|Any CPU
		{65088149-7B70-41DB-9BB4-A9FD8C4AB7DC}.Debug|Windows-x64.ActiveCfg = Debug|Any CPU
		{65088149-7B70-41DB-9BB4-A9FD8C4AB7DC}.Debug|Windows-x86.ActiveCfg = Debug|Any CPU
		{65088149-7B70-41DB-9BB4-A9FD8C4AB7DC}.Distribution|Android.ActiveCfg = Debug|Any CPU
		{65088149-7B70-41DB-9BB4-A9FD8C4AB7DC}.Distribution|Any CPU.ActiveCfg = Debug|Any CPU
		{65088149-7B70-41DB-9BB4-A9FD8C4AB7DC}.Distribution|Any CPU.Build.0 = Debug|Any CPU
		{65088149-7B70-41DB-9BB4-A9FD8C4AB7DC}.Distribution|iOS.ActiveCfg = Debug|Any CPU
		{65088149-7B70-41DB-9BB4-A9FD8C4AB7DC}.Distribution|Mixed Platforms.ActiveCfg = Debug|Any CPU
		{65088149-7B70-41DB-9BB4-A9FD8C4AB7DC}.Distribution|Mixed Platforms.Build.0 = Debug|Any CPU
		{65088149-7B70-41DB-9BB4-A9FD8C4AB7DC}.Distribution|Windows Phone (Universal).ActiveCfg = Debug|Any CPU
		{65088149-7B70-41DB-9BB4-A9FD8C4AB7DC}.Distribution|Windows Phone 8.ActiveCfg = Debug|Any CPU
		{65088149-7B70-41DB-9BB4-A9FD8C4AB7DC}.Distribution|Windows-AnyCPU.ActiveCfg = Debug|Any CPU
		{65088149-7B70-41DB-9BB4-A9FD8C4AB7DC}.Distribution|Windows-ARM.ActiveCfg = Debug|Any CPU
		{65088149-7B70-41DB-9BB4-A9FD8C4AB7DC}.Distribution|Windows-x64.ActiveCfg = Debug|Any CPU
		{65088149-7B70-41DB-9BB4-A9FD8C4AB7DC}.Distribution|Windows-x86.ActiveCfg = Debug|Any CPU
		{65088149-7B70-41DB-9BB4-A9FD8C4AB7DC}.Release|Android.ActiveCfg = Release|Any CPU
		{65088149-7B70-41DB-9BB4-A9FD8C4AB7DC}.Release|Any CPU.ActiveCfg = Release|Any CPU
		{65088149-7B70-41DB-9BB4-A9FD8C4AB7DC}.Release|Any CPU.Build.0 = Release|Any CPU
		{65088149-7B70-41DB-9BB4-A9FD8C4AB7DC}.Release|iOS.ActiveCfg = Release|Any CPU
		{65088149-7B70-41DB-9BB4-A9FD8C4AB7DC}.Release|Mixed Platforms.ActiveCfg = Release|Any CPU
		{65088149-7B70-41DB-9BB4-A9FD8C4AB7DC}.Release|Mixed Platforms.Build.0 = Release|Any CPU
		{65088149-7B70-41DB-9BB4-A9FD8C4AB7DC}.Release|Windows Phone (Universal).ActiveCfg = Release|Any CPU
		{65088149-7B70-41DB-9BB4-A9FD8C4AB7DC}.Release|Windows Phone 8.ActiveCfg = Release|Any CPU
		{65088149-7B70-41DB-9BB4-A9FD8C4AB7DC}.Release|Windows-AnyCPU.ActiveCfg = Release|Any CPU
		{65088149-7B70-41DB-9BB4-A9FD8C4AB7DC}.Release|Windows-ARM.ActiveCfg = Release|Any CPU
		{65088149-7B70-41DB-9BB4-A9FD8C4AB7DC}.Release|Windows-x64.ActiveCfg = Release|Any CPU
		{65088149-7B70-41DB-9BB4-A9FD8C4AB7DC}.Release|Windows-x86.ActiveCfg = Release|Any CPU
		{85B280A7-E62F-407C-A532-3EE1098EBD0A}.Debug|Android.ActiveCfg = Debug|Any CPU
		{85B280A7-E62F-407C-A532-3EE1098EBD0A}.Debug|Any CPU.ActiveCfg = Debug|Any CPU
		{85B280A7-E62F-407C-A532-3EE1098EBD0A}.Debug|Any CPU.Build.0 = Debug|Any CPU
		{85B280A7-E62F-407C-A532-3EE1098EBD0A}.Debug|iOS.ActiveCfg = Debug|Any CPU
		{85B280A7-E62F-407C-A532-3EE1098EBD0A}.Debug|Mixed Platforms.ActiveCfg = Debug|Any CPU
		{85B280A7-E62F-407C-A532-3EE1098EBD0A}.Debug|Mixed Platforms.Build.0 = Debug|Any CPU
		{85B280A7-E62F-407C-A532-3EE1098EBD0A}.Debug|Windows Phone (Universal).ActiveCfg = Debug|Any CPU
		{85B280A7-E62F-407C-A532-3EE1098EBD0A}.Debug|Windows Phone 8.ActiveCfg = Debug|Any CPU
		{85B280A7-E62F-407C-A532-3EE1098EBD0A}.Debug|Windows-AnyCPU.ActiveCfg = Debug|Any CPU
		{85B280A7-E62F-407C-A532-3EE1098EBD0A}.Debug|Windows-ARM.ActiveCfg = Debug|Any CPU
		{85B280A7-E62F-407C-A532-3EE1098EBD0A}.Debug|Windows-x64.ActiveCfg = Debug|Any CPU
		{85B280A7-E62F-407C-A532-3EE1098EBD0A}.Debug|Windows-x86.ActiveCfg = Debug|Any CPU
		{85B280A7-E62F-407C-A532-3EE1098EBD0A}.Distribution|Android.ActiveCfg = Debug|Any CPU
		{85B280A7-E62F-407C-A532-3EE1098EBD0A}.Distribution|Any CPU.ActiveCfg = Debug|Any CPU
		{85B280A7-E62F-407C-A532-3EE1098EBD0A}.Distribution|Any CPU.Build.0 = Debug|Any CPU
		{85B280A7-E62F-407C-A532-3EE1098EBD0A}.Distribution|iOS.ActiveCfg = Debug|Any CPU
		{85B280A7-E62F-407C-A532-3EE1098EBD0A}.Distribution|Mixed Platforms.ActiveCfg = Debug|Any CPU
		{85B280A7-E62F-407C-A532-3EE1098EBD0A}.Distribution|Mixed Platforms.Build.0 = Debug|Any CPU
		{85B280A7-E62F-407C-A532-3EE1098EBD0A}.Distribution|Windows Phone (Universal).ActiveCfg = Debug|Any CPU
		{85B280A7-E62F-407C-A532-3EE1098EBD0A}.Distribution|Windows Phone 8.ActiveCfg = Debug|Any CPU
		{85B280A7-E62F-407C-A532-3EE1098EBD0A}.Distribution|Windows-AnyCPU.ActiveCfg = Debug|Any CPU
		{85B280A7-E62F-407C-A532-3EE1098EBD0A}.Distribution|Windows-ARM.ActiveCfg = Debug|Any CPU
		{85B280A7-E62F-407C-A532-3EE1098EBD0A}.Distribution|Windows-x64.ActiveCfg = Debug|Any CPU
		{85B280A7-E62F-407C-A532-3EE1098EBD0A}.Distribution|Windows-x86.ActiveCfg = Debug|Any CPU
		{85B280A7-E62F-407C-A532-3EE1098EBD0A}.Release|Android.ActiveCfg = Release|Any CPU
		{85B280A7-E62F-407C-A532-3EE1098EBD0A}.Release|Any CPU.ActiveCfg = Release|Any CPU
		{85B280A7-E62F-407C-A532-3EE1098EBD0A}.Release|Any CPU.Build.0 = Release|Any CPU
		{85B280A7-E62F-407C-A532-3EE1098EBD0A}.Release|iOS.ActiveCfg = Release|Any CPU
		{85B280A7-E62F-407C-A532-3EE1098EBD0A}.Release|Mixed Platforms.ActiveCfg = Release|Any CPU
		{85B280A7-E62F-407C-A532-3EE1098EBD0A}.Release|Mixed Platforms.Build.0 = Release|Any CPU
		{85B280A7-E62F-407C-A532-3EE1098EBD0A}.Release|Windows Phone (Universal).ActiveCfg = Release|Any CPU
		{85B280A7-E62F-407C-A532-3EE1098EBD0A}.Release|Windows Phone 8.ActiveCfg = Release|Any CPU
		{85B280A7-E62F-407C-A532-3EE1098EBD0A}.Release|Windows-AnyCPU.ActiveCfg = Release|Any CPU
		{85B280A7-E62F-407C-A532-3EE1098EBD0A}.Release|Windows-ARM.ActiveCfg = Release|Any CPU
		{85B280A7-E62F-407C-A532-3EE1098EBD0A}.Release|Windows-x64.ActiveCfg = Release|Any CPU
		{85B280A7-E62F-407C-A532-3EE1098EBD0A}.Release|Windows-x86.ActiveCfg = Release|Any CPU
		{8D47FBD3-F2F5-43E6-B009-C8A330900129}.Debug|Android.ActiveCfg = Debug|Any CPU
		{8D47FBD3-F2F5-43E6-B009-C8A330900129}.Debug|Any CPU.ActiveCfg = Debug|Any CPU
		{8D47FBD3-F2F5-43E6-B009-C8A330900129}.Debug|Any CPU.Build.0 = Debug|Any CPU
		{8D47FBD3-F2F5-43E6-B009-C8A330900129}.Debug|iOS.ActiveCfg = Debug|Any CPU
		{8D47FBD3-F2F5-43E6-B009-C8A330900129}.Debug|Mixed Platforms.ActiveCfg = Debug|Any CPU
		{8D47FBD3-F2F5-43E6-B009-C8A330900129}.Debug|Mixed Platforms.Build.0 = Debug|Any CPU
		{8D47FBD3-F2F5-43E6-B009-C8A330900129}.Debug|Windows Phone (Universal).ActiveCfg = Debug|Any CPU
		{8D47FBD3-F2F5-43E6-B009-C8A330900129}.Debug|Windows Phone 8.ActiveCfg = Debug|Any CPU
		{8D47FBD3-F2F5-43E6-B009-C8A330900129}.Debug|Windows-AnyCPU.ActiveCfg = Debug|Any CPU
		{8D47FBD3-F2F5-43E6-B009-C8A330900129}.Debug|Windows-ARM.ActiveCfg = Debug|Any CPU
		{8D47FBD3-F2F5-43E6-B009-C8A330900129}.Debug|Windows-x64.ActiveCfg = Debug|Any CPU
		{8D47FBD3-F2F5-43E6-B009-C8A330900129}.Debug|Windows-x86.ActiveCfg = Debug|Any CPU
		{8D47FBD3-F2F5-43E6-B009-C8A330900129}.Distribution|Android.ActiveCfg = Debug|Any CPU
		{8D47FBD3-F2F5-43E6-B009-C8A330900129}.Distribution|Any CPU.ActiveCfg = Debug|Any CPU
		{8D47FBD3-F2F5-43E6-B009-C8A330900129}.Distribution|Any CPU.Build.0 = Debug|Any CPU
		{8D47FBD3-F2F5-43E6-B009-C8A330900129}.Distribution|iOS.ActiveCfg = Debug|Any CPU
		{8D47FBD3-F2F5-43E6-B009-C8A330900129}.Distribution|Mixed Platforms.ActiveCfg = Debug|Any CPU
		{8D47FBD3-F2F5-43E6-B009-C8A330900129}.Distribution|Mixed Platforms.Build.0 = Debug|Any CPU
		{8D47FBD3-F2F5-43E6-B009-C8A330900129}.Distribution|Windows Phone (Universal).ActiveCfg = Debug|Any CPU
		{8D47FBD3-F2F5-43E6-B009-C8A330900129}.Distribution|Windows Phone 8.ActiveCfg = Debug|Any CPU
		{8D47FBD3-F2F5-43E6-B009-C8A330900129}.Distribution|Windows-AnyCPU.ActiveCfg = Debug|Any CPU
		{8D47FBD3-F2F5-43E6-B009-C8A330900129}.Distribution|Windows-ARM.ActiveCfg = Debug|Any CPU
		{8D47FBD3-F2F5-43E6-B009-C8A330900129}.Distribution|Windows-x64.ActiveCfg = Debug|Any CPU
		{8D47FBD3-F2F5-43E6-B009-C8A330900129}.Distribution|Windows-x86.ActiveCfg = Debug|Any CPU
		{8D47FBD3-F2F5-43E6-B009-C8A330900129}.Release|Android.ActiveCfg = Release|Any CPU
		{8D47FBD3-F2F5-43E6-B009-C8A330900129}.Release|Any CPU.ActiveCfg = Release|Any CPU
		{8D47FBD3-F2F5-43E6-B009-C8A330900129}.Release|Any CPU.Build.0 = Release|Any CPU
		{8D47FBD3-F2F5-43E6-B009-C8A330900129}.Release|iOS.ActiveCfg = Release|Any CPU
		{8D47FBD3-F2F5-43E6-B009-C8A330900129}.Release|Mixed Platforms.ActiveCfg = Release|Any CPU
		{8D47FBD3-F2F5-43E6-B009-C8A330900129}.Release|Mixed Platforms.Build.0 = Release|Any CPU
		{8D47FBD3-F2F5-43E6-B009-C8A330900129}.Release|Windows Phone (Universal).ActiveCfg = Release|Any CPU
		{8D47FBD3-F2F5-43E6-B009-C8A330900129}.Release|Windows Phone 8.ActiveCfg = Release|Any CPU
		{8D47FBD3-F2F5-43E6-B009-C8A330900129}.Release|Windows-AnyCPU.ActiveCfg = Release|Any CPU
		{8D47FBD3-F2F5-43E6-B009-C8A330900129}.Release|Windows-ARM.ActiveCfg = Release|Any CPU
		{8D47FBD3-F2F5-43E6-B009-C8A330900129}.Release|Windows-x64.ActiveCfg = Release|Any CPU
		{8D47FBD3-F2F5-43E6-B009-C8A330900129}.Release|Windows-x86.ActiveCfg = Release|Any CPU
		{591DEE4C-BB52-4C60-97F7-08926C2C811D}.Debug|Android.ActiveCfg = Debug|Any CPU
		{591DEE4C-BB52-4C60-97F7-08926C2C811D}.Debug|Any CPU.ActiveCfg = Debug|Any CPU
		{591DEE4C-BB52-4C60-97F7-08926C2C811D}.Debug|Any CPU.Build.0 = Debug|Any CPU
		{591DEE4C-BB52-4C60-97F7-08926C2C811D}.Debug|iOS.ActiveCfg = Debug|Any CPU
		{591DEE4C-BB52-4C60-97F7-08926C2C811D}.Debug|Mixed Platforms.ActiveCfg = Debug|Any CPU
		{591DEE4C-BB52-4C60-97F7-08926C2C811D}.Debug|Mixed Platforms.Build.0 = Debug|Any CPU
		{591DEE4C-BB52-4C60-97F7-08926C2C811D}.Debug|Windows Phone (Universal).ActiveCfg = Debug|Any CPU
		{591DEE4C-BB52-4C60-97F7-08926C2C811D}.Debug|Windows Phone 8.ActiveCfg = Debug|Any CPU
		{591DEE4C-BB52-4C60-97F7-08926C2C811D}.Debug|Windows-AnyCPU.ActiveCfg = Debug|Any CPU
		{591DEE4C-BB52-4C60-97F7-08926C2C811D}.Debug|Windows-ARM.ActiveCfg = Debug|Any CPU
		{591DEE4C-BB52-4C60-97F7-08926C2C811D}.Debug|Windows-x64.ActiveCfg = Debug|Any CPU
		{591DEE4C-BB52-4C60-97F7-08926C2C811D}.Debug|Windows-x86.ActiveCfg = Debug|Any CPU
		{591DEE4C-BB52-4C60-97F7-08926C2C811D}.Distribution|Android.ActiveCfg = Debug|Any CPU
		{591DEE4C-BB52-4C60-97F7-08926C2C811D}.Distribution|Any CPU.ActiveCfg = Debug|Any CPU
		{591DEE4C-BB52-4C60-97F7-08926C2C811D}.Distribution|Any CPU.Build.0 = Debug|Any CPU
		{591DEE4C-BB52-4C60-97F7-08926C2C811D}.Distribution|iOS.ActiveCfg = Debug|Any CPU
		{591DEE4C-BB52-4C60-97F7-08926C2C811D}.Distribution|Mixed Platforms.ActiveCfg = Debug|Any CPU
		{591DEE4C-BB52-4C60-97F7-08926C2C811D}.Distribution|Mixed Platforms.Build.0 = Debug|Any CPU
		{591DEE4C-BB52-4C60-97F7-08926C2C811D}.Distribution|Windows Phone (Universal).ActiveCfg = Debug|Any CPU
		{591DEE4C-BB52-4C60-97F7-08926C2C811D}.Distribution|Windows Phone 8.ActiveCfg = Debug|Any CPU
		{591DEE4C-BB52-4C60-97F7-08926C2C811D}.Distribution|Windows-AnyCPU.ActiveCfg = Debug|Any CPU
		{591DEE4C-BB52-4C60-97F7-08926C2C811D}.Distribution|Windows-ARM.ActiveCfg = Debug|Any CPU
		{591DEE4C-BB52-4C60-97F7-08926C2C811D}.Distribution|Windows-x64.ActiveCfg = Debug|Any CPU
		{591DEE4C-BB52-4C60-97F7-08926C2C811D}.Distribution|Windows-x86.ActiveCfg = Debug|Any CPU
		{591DEE4C-BB52-4C60-97F7-08926C2C811D}.Release|Android.ActiveCfg = Release|Any CPU
		{591DEE4C-BB52-4C60-97F7-08926C2C811D}.Release|Any CPU.ActiveCfg = Release|Any CPU
		{591DEE4C-BB52-4C60-97F7-08926C2C811D}.Release|Any CPU.Build.0 = Release|Any CPU
		{591DEE4C-BB52-4C60-97F7-08926C2C811D}.Release|iOS.ActiveCfg = Release|Any CPU
		{591DEE4C-BB52-4C60-97F7-08926C2C811D}.Release|Mixed Platforms.ActiveCfg = Release|Any CPU
		{591DEE4C-BB52-4C60-97F7-08926C2C811D}.Release|Mixed Platforms.Build.0 = Release|Any CPU
		{591DEE4C-BB52-4C60-97F7-08926C2C811D}.Release|Windows Phone (Universal).ActiveCfg = Release|Any CPU
		{591DEE4C-BB52-4C60-97F7-08926C2C811D}.Release|Windows Phone 8.ActiveCfg = Release|Any CPU
		{591DEE4C-BB52-4C60-97F7-08926C2C811D}.Release|Windows-AnyCPU.ActiveCfg = Release|Any CPU
		{591DEE4C-BB52-4C60-97F7-08926C2C811D}.Release|Windows-ARM.ActiveCfg = Release|Any CPU
		{591DEE4C-BB52-4C60-97F7-08926C2C811D}.Release|Windows-x64.ActiveCfg = Release|Any CPU
		{591DEE4C-BB52-4C60-97F7-08926C2C811D}.Release|Windows-x86.ActiveCfg = Release|Any CPU
		{29F3FA58-7350-41CD-9B6E-B239EC01A847}.Debug|Android.ActiveCfg = Debug|Any CPU
		{29F3FA58-7350-41CD-9B6E-B239EC01A847}.Debug|Any CPU.ActiveCfg = Debug|Any CPU
		{29F3FA58-7350-41CD-9B6E-B239EC01A847}.Debug|Any CPU.Build.0 = Debug|Any CPU
		{29F3FA58-7350-41CD-9B6E-B239EC01A847}.Debug|iOS.ActiveCfg = Debug|Any CPU
		{29F3FA58-7350-41CD-9B6E-B239EC01A847}.Debug|Mixed Platforms.ActiveCfg = Debug|Any CPU
		{29F3FA58-7350-41CD-9B6E-B239EC01A847}.Debug|Mixed Platforms.Build.0 = Debug|Any CPU
		{29F3FA58-7350-41CD-9B6E-B239EC01A847}.Debug|Windows Phone (Universal).ActiveCfg = Debug|Any CPU
		{29F3FA58-7350-41CD-9B6E-B239EC01A847}.Debug|Windows Phone 8.ActiveCfg = Debug|Any CPU
		{29F3FA58-7350-41CD-9B6E-B239EC01A847}.Debug|Windows-AnyCPU.ActiveCfg = Debug|Any CPU
		{29F3FA58-7350-41CD-9B6E-B239EC01A847}.Debug|Windows-ARM.ActiveCfg = Debug|Any CPU
		{29F3FA58-7350-41CD-9B6E-B239EC01A847}.Debug|Windows-x64.ActiveCfg = Debug|Any CPU
		{29F3FA58-7350-41CD-9B6E-B239EC01A847}.Debug|Windows-x86.ActiveCfg = Debug|Any CPU
		{29F3FA58-7350-41CD-9B6E-B239EC01A847}.Distribution|Android.ActiveCfg = Debug|Any CPU
		{29F3FA58-7350-41CD-9B6E-B239EC01A847}.Distribution|Any CPU.ActiveCfg = Debug|Any CPU
		{29F3FA58-7350-41CD-9B6E-B239EC01A847}.Distribution|Any CPU.Build.0 = Debug|Any CPU
		{29F3FA58-7350-41CD-9B6E-B239EC01A847}.Distribution|iOS.ActiveCfg = Debug|Any CPU
		{29F3FA58-7350-41CD-9B6E-B239EC01A847}.Distribution|Mixed Platforms.ActiveCfg = Debug|Any CPU
		{29F3FA58-7350-41CD-9B6E-B239EC01A847}.Distribution|Mixed Platforms.Build.0 = Debug|Any CPU
		{29F3FA58-7350-41CD-9B6E-B239EC01A847}.Distribution|Windows Phone (Universal).ActiveCfg = Debug|Any CPU
		{29F3FA58-7350-41CD-9B6E-B239EC01A847}.Distribution|Windows Phone 8.ActiveCfg = Debug|Any CPU
		{29F3FA58-7350-41CD-9B6E-B239EC01A847}.Distribution|Windows-AnyCPU.ActiveCfg = Debug|Any CPU
		{29F3FA58-7350-41CD-9B6E-B239EC01A847}.Distribution|Windows-ARM.ActiveCfg = Debug|Any CPU
		{29F3FA58-7350-41CD-9B6E-B239EC01A847}.Distribution|Windows-x64.ActiveCfg = Debug|Any CPU
		{29F3FA58-7350-41CD-9B6E-B239EC01A847}.Distribution|Windows-x86.ActiveCfg = Debug|Any CPU
		{29F3FA58-7350-41CD-9B6E-B239EC01A847}.Release|Android.ActiveCfg = Release|Any CPU
		{29F3FA58-7350-41CD-9B6E-B239EC01A847}.Release|Any CPU.ActiveCfg = Release|Any CPU
		{29F3FA58-7350-41CD-9B6E-B239EC01A847}.Release|Any CPU.Build.0 = Release|Any CPU
		{29F3FA58-7350-41CD-9B6E-B239EC01A847}.Release|iOS.ActiveCfg = Release|Any CPU
		{29F3FA58-7350-41CD-9B6E-B239EC01A847}.Release|Mixed Platforms.ActiveCfg = Release|Any CPU
		{29F3FA58-7350-41CD-9B6E-B239EC01A847}.Release|Mixed Platforms.Build.0 = Release|Any CPU
		{29F3FA58-7350-41CD-9B6E-B239EC01A847}.Release|Windows Phone (Universal).ActiveCfg = Release|Any CPU
		{29F3FA58-7350-41CD-9B6E-B239EC01A847}.Release|Windows Phone 8.ActiveCfg = Release|Any CPU
		{29F3FA58-7350-41CD-9B6E-B239EC01A847}.Release|Windows-AnyCPU.ActiveCfg = Release|Any CPU
		{29F3FA58-7350-41CD-9B6E-B239EC01A847}.Release|Windows-ARM.ActiveCfg = Release|Any CPU
		{29F3FA58-7350-41CD-9B6E-B239EC01A847}.Release|Windows-x64.ActiveCfg = Release|Any CPU
		{29F3FA58-7350-41CD-9B6E-B239EC01A847}.Release|Windows-x86.ActiveCfg = Release|Any CPU
	EndGlobalSection
	GlobalSection(SolutionProperties) = preSolution
		HideSolutionNode = FALSE
	EndGlobalSection
EndGlobal
